
Microsoft Visual Studio Solution File, Format Version 12.00
# Visual Studio Version 16
VisualStudioVersion = 16.0.31005.135
MinimumVisualStudioVersion = 10.0.40219.1
Project("{FAE04EC0-301F-11D3-BF4B-00C04F79EFBC}") = "Exercício 2 Post and Comment", "Exercício 2 Post and Comment\Exercício 2 Post and Comment.csproj", "{4320BB93-D53E-4A4D-8F4E-1500E66E87AA}"
EndProject
Global
	GlobalSection(SolutionConfigurationPlatforms) = preSolution
		Debug|Any CPU = Debug|Any CPU
		Release|Any CPU = Release|Any CPU
	EndGlobalSection
	GlobalSection(ProjectConfigurationPlatforms) = postSolution
		{4320BB93-D53E-4A4D-8F4E-1500E66E87AA}.Debug|Any CPU.ActiveCfg = Debug|Any CPU
		{4320BB93-D53E-4A4D-8F4E-1500E66E87AA}.Debug|Any CPU.Build.0 = Debug|Any CPU
		{4320BB93-D53E-4A4D-8F4E-1500E66E87AA}.Release|Any CPU.ActiveCfg = Release|Any CPU
		{4320BB93-D53E-4A4D-8F4E-1500E66E87AA}.Release|Any CPU.Build.0 = Release|Any CPU
	EndGlobalSection
	GlobalSection(SolutionProperties) = preSolution
		HideSolutionNode = FALSE
	EndGlobalSection
	GlobalSection(ExtensibilityGlobals) = postSolution
		SolutionGuid = {259193F6-D603-45BA-83F2-9EEDA617638F}
	EndGlobalSection
EndGlobal
